// !$*UTF8*$!
{
	archiveVersion = 1;
	classes = {
	};
	objectVersion = 46;
	objects = {

/* Begin PBXBuildFile section */
		CA3A6F7C1DCCE2ED002D2FA3 /* main.cpp in Sources */ = {isa = PBXBuildFile; fileRef = CA3A6F7B1DCCE2ED002D2FA3 /* main.cpp */; };
/* End PBXBuildFile section */

/* Begin PBXCopyFilesBuildPhase section */
		CA3A6F761DCCE2ED002D2FA3 /* CopyFiles */ = {
			isa = PBXCopyFilesBuildPhase;
			buildActionMask = 2147483647;
			dstPath = /usr/share/man/man1/;
			dstSubfolderSpec = 0;
			files = (
			);
			runOnlyForDeploymentPostprocessing = 1;
		};
/* End PBXCopyFilesBuildPhase section */

/* Begin PBXFileReference section */
		CA3A6F781DCCE2ED002D2FA3 /* Lab-09 */ = {isa = PBXFileReference; explicitFileType = "compiled.mach-o.executable"; includeInIndex = 0; path = "Lab-09"; sourceTree = BUILT_PRODUCTS_DIR; };
		CA3A6F7B1DCCE2ED002D2FA3 /* main.cpp */ = {isa = PBXFileReference; lastKnownFileType = sourcecode.cpp.cpp; path = main.cpp; sourceTree = "<group>"; };
/* End PBXFileReference section */

/* Begin PBXFrameworksBuildPhase section */
		CA3A6F751DCCE2ED002D2FA3 /* Frameworks */ = {
			isa = PBXFrameworksBuildPhase;
			buildActionMask = 2147483647;
			files = (
			);
			runOnlyForDeploymentPostprocessing = 0;
		};
/* End PBXFrameworksBuildPhase section */

/* Begin PBXGroup section */
		CA3A6F6F1DCCE2ED002D2FA3 = {
			isa = PBXGroup;
			children = (
				CA3A6F7A1DCCE2ED002D2FA3 /* Lab-09 */,
				CA3A6F791DCCE2ED002D2FA3 /* Products */,
			);
			sourceTree = "<group>";
		};
		CA3A6F791DCCE2ED002D2FA3 /* Products */ = {
			isa = PBXGroup;
			children = (
				CA3A6F781DCCE2ED002D2FA3 /* Lab-09 */,
			);
			name = Products;
			sourceTree = "<group>";
		};
		CA3A6F7A1DCCE2ED002D2FA3 /* Lab-09 */ = {
			isa = PBXGroup;
			children = (
				CA3A6F7B1DCCE2ED002D2FA3 /* main.cpp */,
			);
			path = "Lab-09";
			sourceTree = "<group>";
		};
/* End PBXGroup section */

/* Begin PBXNativeTarget section */
		CA3A6F771DCCE2ED002D2FA3 /* Lab-09 */ = {
			isa = PBXNativeTarget;
			buildConfigurationList = CA3A6F7F1DCCE2ED002D2FA3 /* Build configuration list for PBXNativeTarget "Lab-09" */;
			buildPhases = (
				CA3A6F741DCCE2ED002D2FA3 /* Sources */,
				CA3A6F751DCCE2ED002D2FA3 /* Frameworks */,
				CA3A6F761DCCE2ED002D2FA3 /* CopyFiles */,
			);
			buildRules = (
			);
			dependencies = (
			);
			name = "Lab-09";
			productName = "Lab-09";
			productReference = CA3A6F781DCCE2ED002D2FA3 /* Lab-09 */;
			productType = "com.apple.product-type.tool";
		};
/* End PBXNativeTarget section */

/* Begin PBXProject section */
		CA3A6F701DCCE2ED002D2FA3 /* Project object */ = {
			isa = PBXProject;
			attributes = {
				LastUpgradeCheck = 0640;
				ORGANIZATIONNAME = "Jennifer Walker";
				TargetAttributes = {
					CA3A6F771DCCE2ED002D2FA3 = {
						CreatedOnToolsVersion = 6.4;
					};
				};
			};
			buildConfigurationList = CA3A6F731DCCE2ED002D2FA3 /* Build configuration list for PBXProject "Lab-09" */;
			compatibilityVersion = "Xcode 3.2";
			developmentRegion = English;
			hasScannedForEncodings = 0;
			knownRegions = (
				en,
			);
			mainGroup = CA3A6F6F1DCCE2ED002D2FA3;
			productRefGroup = CA3A6F791DCCE2ED002D2FA3 /* Products */;
			projectDirPath = "";
			projectRoot = "";
			targets = (
				CA3A6F771DCCE2ED002D2FA3 /* Lab-09 */,
			);
		};
/* End PBXProject section */

/* Begin PBXSourcesBuildPhase section */
		CA3A6F741DCCE2ED002D2FA3 /* Sources */ = {
			isa = PBXSourcesBuildPhase;
			buildActionMask = 2147483647;
			files = (
				CA3A6F7C1DCCE2ED002D2FA3 /* main.cpp in Sources */,
			);
			runOnlyForDeploymentPostprocessing = 0;
		};
/* End PBXSourcesBuildPhase section */

/* Begin XCBuildConfiguration section */
		CA3A6F7D1DCCE2ED002D2FA3 /* Debug */ = {
			isa = XCBuildConfiguration;
			buildSettings = {
				ALWAYS_SEARCH_USER_PATHS = NO;
				CLANG_CXX_LANGUAGE_STANDARD = "gnu++0x";
				CLANG_CXX_LIBRARY = "libc++";
				CLANG_ENABLE_MODULES = YES;
				CLANG_ENABLE_OBJC_ARC = YES;
				CLANG_WARN_BOOL_CONVERSION = YES;
				CLANG_WARN_CONSTANT_CONVERSION = YES;
				CLANG_WARN_DIRECT_OBJC_ISA_USAGE = YES_ERROR;
				CLANG_WARN_EMPTY_BODY = YES;
				CLANG_WARN_ENUM_CONVERSION = YES;
				CLANG_WARN_INT_CONVERSION = YES;
				CLANG_WARN_OBJC_ROOT_CLASS = YES_ERROR;
				CLANG_WARN_UNREACHABLE_CODE = YES;
				CLANG_WARN__DUPLICATE_METHOD_MATCH = YES;
				COPY_PHASE_STRIP = NO;
				DEBUG_INFORMATION_FORMAT = dwarf;
				ENABLE_STRICT_OBJC_MSGSEND = YES;
				GCC_C_LANGUAGE_STANDARD = gnu99;
				GCC_DYNAMIC_NO_PIC = NO;
				GCC_NO_COMMON_BLOCKS = YES;
				GCC_OPTIMIZATION_LEVEL = 0;
				GCC_PREPROCESSOR_DEFINITIONS = (
					"DEBUG=1",
					"$(inherited)",
				);
				GCC_SYMBOLS_PRIVATE_EXTERN = NO;
				GCC_WARN_64_TO_32_BIT_CONVERSION = YES;
				GCC_WARN_ABOUT_RETURN_TYPE = YES_ERROR;
				GCC_WARN_UNDECLARED_SELECTOR = YES;
				GCC_WARN_UNINITIALIZED_AUTOS = YES_AGGRESSIVE;
				GCC_WARN_UNUSED_FUNCTION = YES;
				GCC_WARN_UNUSED_VARIABLE = YES;
				MACOSX_DEPLOYMENT_TARGET = 10.10;
				MTL_ENABLE_DEBUG_INFO = YES;
				ONLY_ACTIVE_ARCH = YES;
				SDKROOT = macosx;
			};
			name = Debug;
		};
		CA3A6F7E1DCCE2ED002D2FA3 /* Release */ = {
			isa = XCBuildConfiguration;
			buildSettings = {
				ALWAYS_SEARCH_USER_PATHS = NO;
				CLANG_CXX_LANGUAGE_STANDARD = "gnu++0x";
				CLANG_CXX_LIBRARY = "libc++";
				CLANG_ENABLE_MODULES = YES;
				CLANG_ENABLE_OBJC_ARC = YES;
				CLANG_WARN_BOOL_CONVERSION = YES;
				CLANG_WARN_CONSTANT_CONVERSION = YES;
				CLANG_WARN_DIRECT_OBJC_ISA_USAGE = YES_ERROR;
				CLANG_WARN_EMPTY_BODY = YES;
				CLANG_WARN_ENUM_CONVERSION = YES;
				CLANG_WARN_INT_CONVERSION = YES;
				CLANG_WARN_OBJC_ROOT_CLASS = YES_ERROR;
				CLANG_WARN_UNREACHABLE_CODE = YES;
				CLANG_WARN__DUPLICATE_METHOD_MATCH = YES;
				COPY_PHASE_STRIP = NO;
				DEBUG_INFORMATION_FORMAT = "dwarf-with-dsym";
				ENABLE_NS_ASSERTIONS = NO;
				ENABLE_STRICT_OBJC_MSGSEND = YES;
				GCC_C_LANGUAGE_STANDARD = gnu99;
				GCC_NO_COMMON_BLOCKS = YES;
				GCC_WARN_64_TO_32_BIT_CONVERSION = YES;
				GCC_WARN_ABOUT_RETURN_TYPE = YES_ERROR;
				GCC_WARN_UNDECLARED_SELECTOR = YES;
				GCC_WARN_UNINITIALIZED_AUTOS = YES_AGGRESSIVE;
				GCC_WARN_UNUSED_FUNCTION = YES;
				GCC_WARN_UNUSED_VARIABLE = YES;
				MACOSX_DEPLOYMENT_TARGET = 10.10;
				MTL_ENABLE_DEBUG_INFO = NO;
				SDKROOT = macosx;
			};
			name = Release;
		};
		CA3A6F801DCCE2ED002D2FA3 /* Debug */ = {
			isa = XCBuildConfiguration;
			buildSettings = {
				PRODUCT_NAME = "$(TARGET_NAME)";
			};
			name = Debug;
		};
		CA3A6F811DCCE2ED002D2FA3 /* Release */ = {
			isa = XCBuildConfiguration;
			buildSettings = {
				PRODUCT_NAME = "$(TARGET_NAME)";
			};
			name = Release;
		};
/* End XCBuildConfiguration section */

/* Begin XCConfigurationList section */
		CA3A6F731DCCE2ED002D2FA3 /* Build configuration list for PBXProject "Lab-09" */ = {
			isa = XCConfigurationList;
			buildConfigurations = (
				CA3A6F7D1DCCE2ED002D2FA3 /* Debug */,
				CA3A6F7E1DCCE2ED002D2FA3 /* Release */,
			);
			defaultConfigurationIsVisible = 0;
			defaultConfigurationName = Release;
		};
		CA3A6F7F1DCCE2ED002D2FA3 /* Build configuration list for PBXNativeTarget "Lab-09" */ = {
			isa = XCConfigurationList;
			buildConfigurations = (
				CA3A6F801DCCE2ED002D2FA3 /* Debug */,
				CA3A6F811DCCE2ED002D2FA3 /* Release */,
			);
			defaultConfigurationIsVisible = 0;
		};
/* End XCConfigurationList section */
	};
	rootObject = CA3A6F701DCCE2ED002D2FA3 /* Project object */;
}
