// !$*UTF8*$!
{
	archiveVersion = 1;
	classes = {
	};
	objectVersion = 46;
	objects = {

/* Begin PBXBuildFile section */
		CA0385F41D86F47D0082B40E /* main.cpp in Sources */ = {isa = PBXBuildFile; fileRef = CA0385F31D86F47D0082B40E /* main.cpp */; };
/* End PBXBuildFile section */

/* Begin PBXCopyFilesBuildPhase section */
		CA0385EE1D86F47D0082B40E /* CopyFiles */ = {
			isa = PBXCopyFilesBuildPhase;
			buildActionMask = 2147483647;
			dstPath = /usr/share/man/man1/;
			dstSubfolderSpec = 0;
			files = (
			);
			runOnlyForDeploymentPostprocessing = 1;
		};
/* End PBXCopyFilesBuildPhase section */

/* Begin PBXFileReference section */
		CA0385F01D86F47D0082B40E /* Lec-9-12 */ = {isa = PBXFileReference; explicitFileType = "compiled.mach-o.executable"; includeInIndex = 0; path = "Lec-9-12"; sourceTree = BUILT_PRODUCTS_DIR; };
		CA0385F31D86F47D0082B40E /* main.cpp */ = {isa = PBXFileReference; lastKnownFileType = sourcecode.cpp.cpp; path = main.cpp; sourceTree = "<group>"; };
/* End PBXFileReference section */

/* Begin PBXFrameworksBuildPhase section */
		CA0385ED1D86F47D0082B40E /* Frameworks */ = {
			isa = PBXFrameworksBuildPhase;
			buildActionMask = 2147483647;
			files = (
			);
			runOnlyForDeploymentPostprocessing = 0;
		};
/* End PBXFrameworksBuildPhase section */

/* Begin PBXGroup section */
		CA0385E71D86F47D0082B40E = {
			isa = PBXGroup;
			children = (
				CA0385F21D86F47D0082B40E /* Lec-9-12 */,
				CA0385F11D86F47D0082B40E /* Products */,
			);
			sourceTree = "<group>";
		};
		CA0385F11D86F47D0082B40E /* Products */ = {
			isa = PBXGroup;
			children = (
				CA0385F01D86F47D0082B40E /* Lec-9-12 */,
			);
			name = Products;
			sourceTree = "<group>";
		};
		CA0385F21D86F47D0082B40E /* Lec-9-12 */ = {
			isa = PBXGroup;
			children = (
				CA0385F31D86F47D0082B40E /* main.cpp */,
			);
			path = "Lec-9-12";
			sourceTree = "<group>";
		};
/* End PBXGroup section */

/* Begin PBXNativeTarget section */
		CA0385EF1D86F47D0082B40E /* Lec-9-12 */ = {
			isa = PBXNativeTarget;
			buildConfigurationList = CA0385F71D86F47D0082B40E /* Build configuration list for PBXNativeTarget "Lec-9-12" */;
			buildPhases = (
				CA0385EC1D86F47D0082B40E /* Sources */,
				CA0385ED1D86F47D0082B40E /* Frameworks */,
				CA0385EE1D86F47D0082B40E /* CopyFiles */,
			);
			buildRules = (
			);
			dependencies = (
			);
			name = "Lec-9-12";
			productName = "Lec-9-12";
			productReference = CA0385F01D86F47D0082B40E /* Lec-9-12 */;
			productType = "com.apple.product-type.tool";
		};
/* End PBXNativeTarget section */

/* Begin PBXProject section */
		CA0385E81D86F47D0082B40E /* Project object */ = {
			isa = PBXProject;
			attributes = {
				LastUpgradeCheck = 0640;
				ORGANIZATIONNAME = "Jennifer Walker";
				TargetAttributes = {
					CA0385EF1D86F47D0082B40E = {
						CreatedOnToolsVersion = 6.4;
					};
				};
			};
			buildConfigurationList = CA0385EB1D86F47D0082B40E /* Build configuration list for PBXProject "Lec-9-12" */;
			compatibilityVersion = "Xcode 3.2";
			developmentRegion = English;
			hasScannedForEncodings = 0;
			knownRegions = (
				en,
			);
			mainGroup = CA0385E71D86F47D0082B40E;
			productRefGroup = CA0385F11D86F47D0082B40E /* Products */;
			projectDirPath = "";
			projectRoot = "";
			targets = (
				CA0385EF1D86F47D0082B40E /* Lec-9-12 */,
			);
		};
/* End PBXProject section */

/* Begin PBXSourcesBuildPhase section */
		CA0385EC1D86F47D0082B40E /* Sources */ = {
			isa = PBXSourcesBuildPhase;
			buildActionMask = 2147483647;
			files = (
				CA0385F41D86F47D0082B40E /* main.cpp in Sources */,
			);
			runOnlyForDeploymentPostprocessing = 0;
		};
/* End PBXSourcesBuildPhase section */

/* Begin XCBuildConfiguration section */
		CA0385F51D86F47D0082B40E /* Debug */ = {
			isa = XCBuildConfiguration;
			buildSettings = {
				ALWAYS_SEARCH_USER_PATHS = NO;
				CLANG_CXX_LANGUAGE_STANDARD = "gnu++0x";
				CLANG_CXX_LIBRARY = "libc++";
				CLANG_ENABLE_MODULES = YES;
				CLANG_ENABLE_OBJC_ARC = YES;
				CLANG_WARN_BOOL_CONVERSION = YES;
				CLANG_WARN_CONSTANT_CONVERSION = YES;
				CLANG_WARN_DIRECT_OBJC_ISA_USAGE = YES_ERROR;
				CLANG_WARN_EMPTY_BODY = YES;
				CLANG_WARN_ENUM_CONVERSION = YES;
				CLANG_WARN_INT_CONVERSION = YES;
				CLANG_WARN_OBJC_ROOT_CLASS = YES_ERROR;
				CLANG_WARN_UNREACHABLE_CODE = YES;
				CLANG_WARN__DUPLICATE_METHOD_MATCH = YES;
				COPY_PHASE_STRIP = NO;
				DEBUG_INFORMATION_FORMAT = dwarf;
				ENABLE_STRICT_OBJC_MSGSEND = YES;
				GCC_C_LANGUAGE_STANDARD = gnu99;
				GCC_DYNAMIC_NO_PIC = NO;
				GCC_NO_COMMON_BLOCKS = YES;
				GCC_OPTIMIZATION_LEVEL = 0;
				GCC_PREPROCESSOR_DEFINITIONS = (
					"DEBUG=1",
					"$(inherited)",
				);
				GCC_SYMBOLS_PRIVATE_EXTERN = NO;
				GCC_WARN_64_TO_32_BIT_CONVERSION = YES;
				GCC_WARN_ABOUT_RETURN_TYPE = YES_ERROR;
				GCC_WARN_UNDECLARED_SELECTOR = YES;
				GCC_WARN_UNINITIALIZED_AUTOS = YES_AGGRESSIVE;
				GCC_WARN_UNUSED_FUNCTION = YES;
				GCC_WARN_UNUSED_VARIABLE = YES;
				MACOSX_DEPLOYMENT_TARGET = 10.10;
				MTL_ENABLE_DEBUG_INFO = YES;
				ONLY_ACTIVE_ARCH = YES;
				SDKROOT = macosx;
			};
			name = Debug;
		};
		CA0385F61D86F47D0082B40E /* Release */ = {
			isa = XCBuildConfiguration;
			buildSettings = {
				ALWAYS_SEARCH_USER_PATHS = NO;
				CLANG_CXX_LANGUAGE_STANDARD = "gnu++0x";
				CLANG_CXX_LIBRARY = "libc++";
				CLANG_ENABLE_MODULES = YES;
				CLANG_ENABLE_OBJC_ARC = YES;
				CLANG_WARN_BOOL_CONVERSION = YES;
				CLANG_WARN_CONSTANT_CONVERSION = YES;
				CLANG_WARN_DIRECT_OBJC_ISA_USAGE = YES_ERROR;
				CLANG_WARN_EMPTY_BODY = YES;
				CLANG_WARN_ENUM_CONVERSION = YES;
				CLANG_WARN_INT_CONVERSION = YES;
				CLANG_WARN_OBJC_ROOT_CLASS = YES_ERROR;
				CLANG_WARN_UNREACHABLE_CODE = YES;
				CLANG_WARN__DUPLICATE_METHOD_MATCH = YES;
				COPY_PHASE_STRIP = NO;
				DEBUG_INFORMATION_FORMAT = "dwarf-with-dsym";
				ENABLE_NS_ASSERTIONS = NO;
				ENABLE_STRICT_OBJC_MSGSEND = YES;
				GCC_C_LANGUAGE_STANDARD = gnu99;
				GCC_NO_COMMON_BLOCKS = YES;
				GCC_WARN_64_TO_32_BIT_CONVERSION = YES;
				GCC_WARN_ABOUT_RETURN_TYPE = YES_ERROR;
				GCC_WARN_UNDECLARED_SELECTOR = YES;
				GCC_WARN_UNINITIALIZED_AUTOS = YES_AGGRESSIVE;
				GCC_WARN_UNUSED_FUNCTION = YES;
				GCC_WARN_UNUSED_VARIABLE = YES;
				MACOSX_DEPLOYMENT_TARGET = 10.10;
				MTL_ENABLE_DEBUG_INFO = NO;
				SDKROOT = macosx;
			};
			name = Release;
		};
		CA0385F81D86F47D0082B40E /* Debug */ = {
			isa = XCBuildConfiguration;
			buildSettings = {
				PRODUCT_NAME = "$(TARGET_NAME)";
			};
			name = Debug;
		};
		CA0385F91D86F47D0082B40E /* Release */ = {
			isa = XCBuildConfiguration;
			buildSettings = {
				PRODUCT_NAME = "$(TARGET_NAME)";
			};
			name = Release;
		};
/* End XCBuildConfiguration section */

/* Begin XCConfigurationList section */
		CA0385EB1D86F47D0082B40E /* Build configuration list for PBXProject "Lec-9-12" */ = {
			isa = XCConfigurationList;
			buildConfigurations = (
				CA0385F51D86F47D0082B40E /* Debug */,
				CA0385F61D86F47D0082B40E /* Release */,
			);
			defaultConfigurationIsVisible = 0;
			defaultConfigurationName = Release;
		};
		CA0385F71D86F47D0082B40E /* Build configuration list for PBXNativeTarget "Lec-9-12" */ = {
			isa = XCConfigurationList;
			buildConfigurations = (
				CA0385F81D86F47D0082B40E /* Debug */,
				CA0385F91D86F47D0082B40E /* Release */,
			);
			defaultConfigurationIsVisible = 0;
		};
/* End XCConfigurationList section */
	};
	rootObject = CA0385E81D86F47D0082B40E /* Project object */;
}
